
Microsoft Visual Studio Solution File, Format Version 12.00
# Visual Studio Version 16
VisualStudioVersion = 16.0.30114.105
MinimumVisualStudioVersion = 10.0.40219.1
Project("{FAE04EC0-301F-11D3-BF4B-00C04F79EFBC}") = "NewsFeedAPI", "NewsFeedAPI\NewsFeedAPI.csproj", "{3D1DABC4-C09D-47EE-BD58-187FCF98B010}"
EndProject
Global
	GlobalSection(SolutionConfigurationPlatforms) = preSolution
		Debug|Any CPU = Debug|Any CPU
		Release|Any CPU = Release|Any CPU
	EndGlobalSection
	GlobalSection(ProjectConfigurationPlatforms) = postSolution
		{3D1DABC4-C09D-47EE-BD58-187FCF98B010}.Debug|Any CPU.ActiveCfg = Debug|Any CPU
		{3D1DABC4-C09D-47EE-BD58-187FCF98B010}.Debug|Any CPU.Build.0 = Debug|Any CPU
		{3D1DABC4-C09D-47EE-BD58-187FCF98B010}.Release|Any CPU.ActiveCfg = Release|Any CPU
		{3D1DABC4-C09D-47EE-BD58-187FCF98B010}.Release|Any CPU.Build.0 = Release|Any CPU
	EndGlobalSection
	GlobalSection(SolutionProperties) = preSolution
		HideSolutionNode = FALSE
	EndGlobalSection
	GlobalSection(ExtensibilityGlobals) = postSolution
		SolutionGuid = {487761E1-9AF4-44FE-8A77-F2E65C7F164B}
	EndGlobalSection
EndGlobal
